// !$*UTF8*$!
{
	archiveVersion = 1;
	classes = {
	};
	objectVersion = 46;
	objects = {

/* Begin PBXBuildFile section */
		1902E77F153E013500809FED /* LoginViewController.m in Sources */ = {isa = PBXBuildFile; fileRef = 1902E77D153E013500809FED /* LoginViewController.m */; };
		1902E780153E013500809FED /* LoginViewController.xib in Resources */ = {isa = PBXBuildFile; fileRef = 1902E77E153E013500809FED /* LoginViewController.xib */; };
		1902E783153E085800809FED /* LoginTableViewCell.m in Sources */ = {isa = PBXBuildFile; fileRef = 1902E782153E085800809FED /* LoginTableViewCell.m */; };
		1902E787153E08AF00809FED /* MainMenu.m in Sources */ = {isa = PBXBuildFile; fileRef = 1902E785153E08AF00809FED /* MainMenu.m */; };
		1902E788153E08AF00809FED /* MainMenu.xib in Resources */ = {isa = PBXBuildFile; fileRef = 1902E786153E08AF00809FED /* MainMenu.xib */; };
		1902E791153E0C7B00809FED /* RemoveMed.m in Sources */ = {isa = PBXBuildFile; fileRef = 1902E78F153E0C7B00809FED /* RemoveMed.m */; };
		1902E792153E0C7B00809FED /* RemoveMed.xib in Resources */ = {isa = PBXBuildFile; fileRef = 1902E790153E0C7B00809FED /* RemoveMed.xib */; };
		1902E796153E125500809FED /* PatientList.m in Sources */ = {isa = PBXBuildFile; fileRef = 1902E794153E125500809FED /* PatientList.m */; };
		1902E797153E125500809FED /* PatientList.xib in Resources */ = {isa = PBXBuildFile; fileRef = 1902E795153E125500809FED /* PatientList.xib */; };
		1902E79B153E138A00809FED /* RemoveMeds.m in Sources */ = {isa = PBXBuildFile; fileRef = 1902E799153E138A00809FED /* RemoveMeds.m */; };
		1902E79C153E138A00809FED /* RemoveMeds.xib in Resources */ = {isa = PBXBuildFile; fileRef = 1902E79A153E138A00809FED /* RemoveMeds.xib */; };
		198B9E1C153DDCC000AC3606 /* UIKit.framework in Frameworks */ = {isa = PBXBuildFile; fileRef = 198B9E1B153DDCC000AC3606 /* UIKit.framework */; };
		198B9E1E153DDCC000AC3606 /* Foundation.framework in Frameworks */ = {isa = PBXBuildFile; fileRef = 198B9E1D153DDCC000AC3606 /* Foundation.framework */; };
		198B9E20153DDCC000AC3606 /* CoreGraphics.framework in Frameworks */ = {isa = PBXBuildFile; fileRef = 198B9E1F153DDCC000AC3606 /* CoreGraphics.framework */; };
		198B9E26153DDCC000AC3606 /* InfoPlist.strings in Resources */ = {isa = PBXBuildFile; fileRef = 198B9E24153DDCC000AC3606 /* InfoPlist.strings */; };
		198B9E28153DDCC000AC3606 /* main.m in Sources */ = {isa = PBXBuildFile; fileRef = 198B9E27153DDCC000AC3606 /* main.m */; };
		198B9E2C153DDCC000AC3606 /* AppDelegate.m in Sources */ = {isa = PBXBuildFile; fileRef = 198B9E2B153DDCC000AC3606 /* AppDelegate.m */; };
		198B9E2F153DDCC000AC3606 /* ViewController.m in Sources */ = {isa = PBXBuildFile; fileRef = 198B9E2E153DDCC000AC3606 /* ViewController.m */; };
		198B9E32153DDCC000AC3606 /* ViewController.xib in Resources */ = {isa = PBXBuildFile; fileRef = 198B9E30153DDCC000AC3606 /* ViewController.xib */; };
		199123D0153F4F7E00581FD2 /* launch.jpg in Resources */ = {isa = PBXBuildFile; fileRef = 199123CE153F4F7E00581FD2 /* launch.jpg */; };
		199123D1153F4F7E00581FD2 /* logo.jpg in Resources */ = {isa = PBXBuildFile; fileRef = 199123CF153F4F7E00581FD2 /* logo.jpg */; };
		199123E2153F524500581FD2 /* inventory.jpg in Resources */ = {isa = PBXBuildFile; fileRef = 199123D4153F524500581FD2 /* inventory.jpg */; };
		199123E3153F524500581FD2 /* kits.jpg in Resources */ = {isa = PBXBuildFile; fileRef = 199123D5153F524500581FD2 /* kits.jpg */; };
		199123E4153F524500581FD2 /* load.jpg in Resources */ = {isa = PBXBuildFile; fileRef = 199123D6153F524500581FD2 /* load.jpg */; };
		199123E5153F524500581FD2 /* outdate.jpg in Resources */ = {isa = PBXBuildFile; fileRef = 199123D7153F524500581FD2 /* outdate.jpg */; };
		199123E6153F524500581FD2 /* patient.jpg in Resources */ = {isa = PBXBuildFile; fileRef = 199123D8153F524500581FD2 /* patient.jpg */; };
		199123E7153F524500581FD2 /* patientSummary.jpg in Resources */ = {isa = PBXBuildFile; fileRef = 199123D9153F524500581FD2 /* patientSummary.jpg */; };
		199123E8153F524500581FD2 /* refill.jpg in Resources */ = {isa = PBXBuildFile; fileRef = 199123DA153F524500581FD2 /* refill.jpg */; };
		199123E9153F524500581FD2 /* remove.jpg in Resources */ = {isa = PBXBuildFile; fileRef = 199123DB153F524500581FD2 /* remove.jpg */; };
		199123EA153F524500581FD2 /* reportMenu.jpg in Resources */ = {isa = PBXBuildFile; fileRef = 199123DC153F524500581FD2 /* reportMenu.jpg */; };
		199123EB153F524500581FD2 /* return.jpg in Resources */ = {isa = PBXBuildFile; fileRef = 199123DD153F524500581FD2 /* return.jpg */; };
		199123EC153F524500581FD2 /* systemMenu.jpg in Resources */ = {isa = PBXBuildFile; fileRef = 199123DE153F524500581FD2 /* systemMenu.jpg */; };
		199123ED153F524500581FD2 /* unloadMenu.jpg in Resources */ = {isa = PBXBuildFile; fileRef = 199123DF153F524500581FD2 /* unloadMenu.jpg */; };
		199123EE153F524500581FD2 /* userMenu.jpg in Resources */ = {isa = PBXBuildFile; fileRef = 199123E0153F524500581FD2 /* userMenu.jpg */; };
		199123EF153F524500581FD2 /* waste.jpg in Resources */ = {isa = PBXBuildFile; fileRef = 199123E1153F524500581FD2 /* waste.jpg */; };
/* End PBXBuildFile section */

/* Begin PBXFileReference section */
		1902E77C153E013500809FED /* LoginViewController.h */ = {isa = PBXFileReference; fileEncoding = 4; lastKnownFileType = sourcecode.c.h; path = LoginViewController.h; sourceTree = "<group>"; };
		1902E77D153E013500809FED /* LoginViewController.m */ = {isa = PBXFileReference; fileEncoding = 4; lastKnownFileType = sourcecode.c.objc; path = LoginViewController.m; sourceTree = "<group>"; };
		1902E77E153E013500809FED /* LoginViewController.xib */ = {isa = PBXFileReference; fileEncoding = 4; lastKnownFileType = file.xib; path = LoginViewController.xib; sourceTree = "<group>"; };
		1902E781153E085800809FED /* LoginTableViewCell.h */ = {isa = PBXFileReference; fileEncoding = 4; lastKnownFileType = sourcecode.c.h; path = LoginTableViewCell.h; sourceTree = "<group>"; };
		1902E782153E085800809FED /* LoginTableViewCell.m */ = {isa = PBXFileReference; fileEncoding = 4; lastKnownFileType = sourcecode.c.objc; path = LoginTableViewCell.m; sourceTree = "<group>"; };
		1902E784153E08AF00809FED /* MainMenu.h */ = {isa = PBXFileReference; fileEncoding = 4; lastKnownFileType = sourcecode.c.h; path = MainMenu.h; sourceTree = "<group>"; };
		1902E785153E08AF00809FED /* MainMenu.m */ = {isa = PBXFileReference; fileEncoding = 4; lastKnownFileType = sourcecode.c.objc; path = MainMenu.m; sourceTree = "<group>"; };
		1902E786153E08AF00809FED /* MainMenu.xib */ = {isa = PBXFileReference; fileEncoding = 4; lastKnownFileType = file.xib; path = MainMenu.xib; sourceTree = "<group>"; };
		1902E78E153E0C7B00809FED /* RemoveMed.h */ = {isa = PBXFileReference; fileEncoding = 4; lastKnownFileType = sourcecode.c.h; path = RemoveMed.h; sourceTree = "<group>"; };
		1902E78F153E0C7B00809FED /* RemoveMed.m */ = {isa = PBXFileReference; fileEncoding = 4; lastKnownFileType = sourcecode.c.objc; path = RemoveMed.m; sourceTree = "<group>"; };
		1902E790153E0C7B00809FED /* RemoveMed.xib */ = {isa = PBXFileReference; fileEncoding = 4; lastKnownFileType = file.xib; path = RemoveMed.xib; sourceTree = "<group>"; };
		1902E793153E125500809FED /* PatientList.h */ = {isa = PBXFileReference; fileEncoding = 4; lastKnownFileType = sourcecode.c.h; path = PatientList.h; sourceTree = "<group>"; };
		1902E794153E125500809FED /* PatientList.m */ = {isa = PBXFileReference; fileEncoding = 4; lastKnownFileType = sourcecode.c.objc; path = PatientList.m; sourceTree = "<group>"; };
		1902E795153E125500809FED /* PatientList.xib */ = {isa = PBXFileReference; fileEncoding = 4; lastKnownFileType = file.xib; path = PatientList.xib; sourceTree = "<group>"; };
		1902E798153E138A00809FED /* RemoveMeds.h */ = {isa = PBXFileReference; fileEncoding = 4; lastKnownFileType = sourcecode.c.h; path = RemoveMeds.h; sourceTree = "<group>"; };
		1902E799153E138A00809FED /* RemoveMeds.m */ = {isa = PBXFileReference; fileEncoding = 4; lastKnownFileType = sourcecode.c.objc; path = RemoveMeds.m; sourceTree = "<group>"; };
		1902E79A153E138A00809FED /* RemoveMeds.xib */ = {isa = PBXFileReference; fileEncoding = 4; lastKnownFileType = file.xib; path = RemoveMeds.xib; sourceTree = "<group>"; };
		198B9E17153DDCC000AC3606 /* Pyxis.app */ = {isa = PBXFileReference; explicitFileType = wrapper.application; includeInIndex = 0; path = Pyxis.app; sourceTree = BUILT_PRODUCTS_DIR; };
		198B9E1B153DDCC000AC3606 /* UIKit.framework */ = {isa = PBXFileReference; lastKnownFileType = wrapper.framework; name = UIKit.framework; path = System/Library/Frameworks/UIKit.framework; sourceTree = SDKROOT; };
		198B9E1D153DDCC000AC3606 /* Foundation.framework */ = {isa = PBXFileReference; lastKnownFileType = wrapper.framework; name = Foundation.framework; path = System/Library/Frameworks/Foundation.framework; sourceTree = SDKROOT; };
		198B9E1F153DDCC000AC3606 /* CoreGraphics.framework */ = {isa = PBXFileReference; lastKnownFileType = wrapper.framework; name = CoreGraphics.framework; path = System/Library/Frameworks/CoreGraphics.framework; sourceTree = SDKROOT; };
		198B9E23153DDCC000AC3606 /* Pyxis-Info.plist */ = {isa = PBXFileReference; lastKnownFileType = text.plist.xml; path = "Pyxis-Info.plist"; sourceTree = "<group>"; };
		198B9E25153DDCC000AC3606 /* en */ = {isa = PBXFileReference; lastKnownFileType = text.plist.strings; name = en; path = en.lproj/InfoPlist.strings; sourceTree = "<group>"; };
		198B9E27153DDCC000AC3606 /* main.m */ = {isa = PBXFileReference; lastKnownFileType = sourcecode.c.objc; path = main.m; sourceTree = "<group>"; };
		198B9E29153DDCC000AC3606 /* Pyxis-Prefix.pch */ = {isa = PBXFileReference; lastKnownFileType = sourcecode.c.h; path = "Pyxis-Prefix.pch"; sourceTree = "<group>"; };
		198B9E2A153DDCC000AC3606 /* AppDelegate.h */ = {isa = PBXFileReference; lastKnownFileType = sourcecode.c.h; path = AppDelegate.h; sourceTree = "<group>"; };
		198B9E2B153DDCC000AC3606 /* AppDelegate.m */ = {isa = PBXFileReference; lastKnownFileType = sourcecode.c.objc; path = AppDelegate.m; sourceTree = "<group>"; };
		198B9E2D153DDCC000AC3606 /* ViewController.h */ = {isa = PBXFileReference; lastKnownFileType = sourcecode.c.h; path = ViewController.h; sourceTree = "<group>"; };
		198B9E2E153DDCC000AC3606 /* ViewController.m */ = {isa = PBXFileReference; lastKnownFileType = sourcecode.c.objc; path = ViewController.m; sourceTree = "<group>"; };
		198B9E31153DDCC000AC3606 /* en */ = {isa = PBXFileReference; lastKnownFileType = file.xib; name = en; path = en.lproj/ViewController.xib; sourceTree = "<group>"; };
		199123CE153F4F7E00581FD2 /* launch.jpg */ = {isa = PBXFileReference; lastKnownFileType = image.jpeg; path = launch.jpg; sourceTree = "<group>"; };
		199123CF153F4F7E00581FD2 /* logo.jpg */ = {isa = PBXFileReference; lastKnownFileType = image.jpeg; path = logo.jpg; sourceTree = "<group>"; };
		199123D4153F524500581FD2 /* inventory.jpg */ = {isa = PBXFileReference; lastKnownFileType = image.jpeg; path = inventory.jpg; sourceTree = "<group>"; };
		199123D5153F524500581FD2 /* kits.jpg */ = {isa = PBXFileReference; lastKnownFileType = image.jpeg; path = kits.jpg; sourceTree = "<group>"; };
		199123D6153F524500581FD2 /* load.jpg */ = {isa = PBXFileReference; lastKnownFileType = image.jpeg; path = load.jpg; sourceTree = "<group>"; };
		199123D7153F524500581FD2 /* outdate.jpg */ = {isa = PBXFileReference; lastKnownFileType = image.jpeg; path = outdate.jpg; sourceTree = "<group>"; };
		199123D8153F524500581FD2 /* patient.jpg */ = {isa = PBXFileReference; lastKnownFileType = image.jpeg; path = patient.jpg; sourceTree = "<group>"; };
		199123D9153F524500581FD2 /* patientSummary.jpg */ = {isa = PBXFileReference; lastKnownFileType = image.jpeg; path = patientSummary.jpg; sourceTree = "<group>"; };
		199123DA153F524500581FD2 /* refill.jpg */ = {isa = PBXFileReference; lastKnownFileType = image.jpeg; path = refill.jpg; sourceTree = "<group>"; };
		199123DB153F524500581FD2 /* remove.jpg */ = {isa = PBXFileReference; lastKnownFileType = image.jpeg; path = remove.jpg; sourceTree = "<group>"; };
		199123DC153F524500581FD2 /* reportMenu.jpg */ = {isa = PBXFileReference; lastKnownFileType = image.jpeg; path = reportMenu.jpg; sourceTree = "<group>"; };
		199123DD153F524500581FD2 /* return.jpg */ = {isa = PBXFileReference; lastKnownFileType = image.jpeg; path = return.jpg; sourceTree = "<group>"; };
		199123DE153F524500581FD2 /* systemMenu.jpg */ = {isa = PBXFileReference; lastKnownFileType = image.jpeg; path = systemMenu.jpg; sourceTree = "<group>"; };
		199123DF153F524500581FD2 /* unloadMenu.jpg */ = {isa = PBXFileReference; lastKnownFileType = image.jpeg; path = unloadMenu.jpg; sourceTree = "<group>"; };
		199123E0153F524500581FD2 /* userMenu.jpg */ = {isa = PBXFileReference; lastKnownFileType = image.jpeg; path = userMenu.jpg; sourceTree = "<group>"; };
		199123E1153F524500581FD2 /* waste.jpg */ = {isa = PBXFileReference; lastKnownFileType = image.jpeg; path = waste.jpg; sourceTree = "<group>"; };
/* End PBXFileReference section */

/* Begin PBXFrameworksBuildPhase section */
		198B9E14153DDCC000AC3606 /* Frameworks */ = {
			isa = PBXFrameworksBuildPhase;
			buildActionMask = 2147483647;
			files = (
				198B9E1C153DDCC000AC3606 /* UIKit.framework in Frameworks */,
				198B9E1E153DDCC000AC3606 /* Foundation.framework in Frameworks */,
				198B9E20153DDCC000AC3606 /* CoreGraphics.framework in Frameworks */,
			);
			runOnlyForDeploymentPostprocessing = 0;
		};
/* End PBXFrameworksBuildPhase section */

/* Begin PBXGroup section */
		198B9E0C153DDCC000AC3606 = {
			isa = PBXGroup;
			children = (
				198B9E21153DDCC000AC3606 /* Pyxis */,
				198B9E1A153DDCC000AC3606 /* Frameworks */,
				198B9E18153DDCC000AC3606 /* Products */,
			);
			sourceTree = "<group>";
		};
		198B9E18153DDCC000AC3606 /* Products */ = {
			isa = PBXGroup;
			children = (
				198B9E17153DDCC000AC3606 /* Pyxis.app */,
			);
			name = Products;
			sourceTree = "<group>";
		};
		198B9E1A153DDCC000AC3606 /* Frameworks */ = {
			isa = PBXGroup;
			children = (
				198B9E1B153DDCC000AC3606 /* UIKit.framework */,
				198B9E1D153DDCC000AC3606 /* Foundation.framework */,
				198B9E1F153DDCC000AC3606 /* CoreGraphics.framework */,
			);
			name = Frameworks;
			sourceTree = "<group>";
		};
		198B9E21153DDCC000AC3606 /* Pyxis */ = {
			isa = PBXGroup;
			children = (
				199123D3153F4F8800581FD2 /* images */,
				198B9E2A153DDCC000AC3606 /* AppDelegate.h */,
				198B9E2B153DDCC000AC3606 /* AppDelegate.m */,
				198B9E2D153DDCC000AC3606 /* ViewController.h */,
				198B9E2E153DDCC000AC3606 /* ViewController.m */,
				198B9E30153DDCC000AC3606 /* ViewController.xib */,
				1902E77C153E013500809FED /* LoginViewController.h */,
				1902E77D153E013500809FED /* LoginViewController.m */,
				1902E77E153E013500809FED /* LoginViewController.xib */,
				1902E781153E085800809FED /* LoginTableViewCell.h */,
				1902E782153E085800809FED /* LoginTableViewCell.m */,
				1902E784153E08AF00809FED /* MainMenu.h */,
				1902E785153E08AF00809FED /* MainMenu.m */,
				1902E786153E08AF00809FED /* MainMenu.xib */,
				1902E78E153E0C7B00809FED /* RemoveMed.h */,
				1902E78F153E0C7B00809FED /* RemoveMed.m */,
				1902E790153E0C7B00809FED /* RemoveMed.xib */,
				1902E798153E138A00809FED /* RemoveMeds.h */,
				1902E799153E138A00809FED /* RemoveMeds.m */,
				1902E79A153E138A00809FED /* RemoveMeds.xib */,
				1902E793153E125500809FED /* PatientList.h */,
				1902E794153E125500809FED /* PatientList.m */,
				1902E795153E125500809FED /* PatientList.xib */,
				198B9E22153DDCC000AC3606 /* Supporting Files */,
			);
			path = Pyxis;
			sourceTree = "<group>";
		};
		198B9E22153DDCC000AC3606 /* Supporting Files */ = {
			isa = PBXGroup;
			children = (
				198B9E23153DDCC000AC3606 /* Pyxis-Info.plist */,
				198B9E24153DDCC000AC3606 /* InfoPlist.strings */,
				198B9E27153DDCC000AC3606 /* main.m */,
				198B9E29153DDCC000AC3606 /* Pyxis-Prefix.pch */,
			);
			name = "Supporting Files";
			sourceTree = "<group>";
		};
		199123D3153F4F8800581FD2 /* images */ = {
			isa = PBXGroup;
			children = (
				199123D4153F524500581FD2 /* inventory.jpg */,
				199123D5153F524500581FD2 /* kits.jpg */,
				199123D6153F524500581FD2 /* load.jpg */,
				199123D7153F524500581FD2 /* outdate.jpg */,
				199123D8153F524500581FD2 /* patient.jpg */,
				199123D9153F524500581FD2 /* patientSummary.jpg */,
				199123DA153F524500581FD2 /* refill.jpg */,
				199123DB153F524500581FD2 /* remove.jpg */,
				199123DC153F524500581FD2 /* reportMenu.jpg */,
				199123DD153F524500581FD2 /* return.jpg */,
				199123DE153F524500581FD2 /* systemMenu.jpg */,
				199123DF153F524500581FD2 /* unloadMenu.jpg */,
				199123E0153F524500581FD2 /* userMenu.jpg */,
				199123E1153F524500581FD2 /* waste.jpg */,
				199123CE153F4F7E00581FD2 /* launch.jpg */,
				199123CF153F4F7E00581FD2 /* logo.jpg */,
			);
			name = images;
			sourceTree = "<group>";
		};
/* End PBXGroup section */

/* Begin PBXNativeTarget section */
		198B9E16153DDCC000AC3606 /* Pyxis */ = {
			isa = PBXNativeTarget;
			buildConfigurationList = 198B9E35153DDCC000AC3606 /* Build configuration list for PBXNativeTarget "Pyxis" */;
			buildPhases = (
				198B9E13153DDCC000AC3606 /* Sources */,
				198B9E14153DDCC000AC3606 /* Frameworks */,
				198B9E15153DDCC000AC3606 /* Resources */,
			);
			buildRules = (
			);
			dependencies = (
			);
			name = Pyxis;
			productName = Pyxis;
			productReference = 198B9E17153DDCC000AC3606 /* Pyxis.app */;
			productType = "com.apple.product-type.application";
		};
/* End PBXNativeTarget section */

/* Begin PBXProject section */
		198B9E0E153DDCC000AC3606 /* Project object */ = {
			isa = PBXProject;
			attributes = {
				LastUpgradeCheck = 0430;
			};
			buildConfigurationList = 198B9E11153DDCC000AC3606 /* Build configuration list for PBXProject "Pyxis" */;
			compatibilityVersion = "Xcode 3.2";
			developmentRegion = English;
			hasScannedForEncodings = 0;
			knownRegions = (
				en,
			);
			mainGroup = 198B9E0C153DDCC000AC3606;
			productRefGroup = 198B9E18153DDCC000AC3606 /* Products */;
			projectDirPath = "";
			projectRoot = "";
			targets = (
				198B9E16153DDCC000AC3606 /* Pyxis */,
			);
		};
/* End PBXProject section */

/* Begin PBXResourcesBuildPhase section */
		198B9E15153DDCC000AC3606 /* Resources */ = {
			isa = PBXResourcesBuildPhase;
			buildActionMask = 2147483647;
			files = (
				198B9E26153DDCC000AC3606 /* InfoPlist.strings in Resources */,
				198B9E32153DDCC000AC3606 /* ViewController.xib in Resources */,
				1902E780153E013500809FED /* LoginViewController.xib in Resources */,
				1902E788153E08AF00809FED /* MainMenu.xib in Resources */,
				1902E792153E0C7B00809FED /* RemoveMed.xib in Resources */,
				1902E797153E125500809FED /* PatientList.xib in Resources */,
				1902E79C153E138A00809FED /* RemoveMeds.xib in Resources */,
				199123D0153F4F7E00581FD2 /* launch.jpg in Resources */,
				199123D1153F4F7E00581FD2 /* logo.jpg in Resources */,
				199123E2153F524500581FD2 /* inventory.jpg in Resources */,
				199123E3153F524500581FD2 /* kits.jpg in Resources */,
				199123E4153F524500581FD2 /* load.jpg in Resources */,
				199123E5153F524500581FD2 /* outdate.jpg in Resources */,
				199123E6153F524500581FD2 /* patient.jpg in Resources */,
				199123E7153F524500581FD2 /* patientSummary.jpg in Resources */,
				199123E8153F524500581FD2 /* refill.jpg in Resources */,
				199123E9153F524500581FD2 /* remove.jpg in Resources */,
				199123EA153F524500581FD2 /* reportMenu.jpg in Resources */,
				199123EB153F524500581FD2 /* return.jpg in Resources */,
				199123EC153F524500581FD2 /* systemMenu.jpg in Resources */,
				199123ED153F524500581FD2 /* unloadMenu.jpg in Resources */,
				199123EE153F524500581FD2 /* userMenu.jpg in Resources */,
				199123EF153F524500581FD2 /* waste.jpg in Resources */,
			);
			runOnlyForDeploymentPostprocessing = 0;
		};
/* End PBXResourcesBuildPhase section */

/* Begin PBXSourcesBuildPhase section */
		198B9E13153DDCC000AC3606 /* Sources */ = {
			isa = PBXSourcesBuildPhase;
			buildActionMask = 2147483647;
			files = (
				198B9E28153DDCC000AC3606 /* main.m in Sources */,
				198B9E2C153DDCC000AC3606 /* AppDelegate.m in Sources */,
				198B9E2F153DDCC000AC3606 /* ViewController.m in Sources */,
				1902E77F153E013500809FED /* LoginViewController.m in Sources */,
				1902E783153E085800809FED /* LoginTableViewCell.m in Sources */,
				1902E787153E08AF00809FED /* MainMenu.m in Sources */,
				1902E791153E0C7B00809FED /* RemoveMed.m in Sources */,
				1902E796153E125500809FED /* PatientList.m in Sources */,
				1902E79B153E138A00809FED /* RemoveMeds.m in Sources */,
			);
			runOnlyForDeploymentPostprocessing = 0;
		};
/* End PBXSourcesBuildPhase section */

/* Begin PBXVariantGroup section */
		198B9E24153DDCC000AC3606 /* InfoPlist.strings */ = {
			isa = PBXVariantGroup;
			children = (
				198B9E25153DDCC000AC3606 /* en */,
			);
			name = InfoPlist.strings;
			sourceTree = "<group>";
		};
		198B9E30153DDCC000AC3606 /* ViewController.xib */ = {
			isa = PBXVariantGroup;
			children = (
				198B9E31153DDCC000AC3606 /* en */,
			);
			name = ViewController.xib;
			sourceTree = "<group>";
		};
/* End PBXVariantGroup section */

/* Begin XCBuildConfiguration section */
		198B9E33153DDCC000AC3606 /* Debug */ = {
			isa = XCBuildConfiguration;
			buildSettings = {
				ALWAYS_SEARCH_USER_PATHS = NO;
				ARCHS = "$(ARCHS_STANDARD_32_BIT)";
				"CODE_SIGN_IDENTITY[sdk=iphoneos*]" = "iPhone Developer";
				COPY_PHASE_STRIP = NO;
				GCC_C_LANGUAGE_STANDARD = gnu99;
				GCC_DYNAMIC_NO_PIC = NO;
				GCC_OPTIMIZATION_LEVEL = 0;
				GCC_PREPROCESSOR_DEFINITIONS = (
					"DEBUG=1",
					"$(inherited)",
				);
				GCC_SYMBOLS_PRIVATE_EXTERN = NO;
				GCC_VERSION = com.apple.compilers.llvm.clang.1_0;
				GCC_WARN_ABOUT_RETURN_TYPE = YES;
				GCC_WARN_UNINITIALIZED_AUTOS = YES;
				GCC_WARN_UNUSED_VARIABLE = YES;
				IPHONEOS_DEPLOYMENT_TARGET = 5.0;
				SDKROOT = iphoneos;
				TARGETED_DEVICE_FAMILY = 2;
			};
			name = Debug;
		};
		198B9E34153DDCC000AC3606 /* Release */ = {
			isa = XCBuildConfiguration;
			buildSettings = {
				ALWAYS_SEARCH_USER_PATHS = NO;
				ARCHS = "$(ARCHS_STANDARD_32_BIT)";
				"CODE_SIGN_IDENTITY[sdk=iphoneos*]" = "iPhone Developer";
				COPY_PHASE_STRIP = YES;
				GCC_C_LANGUAGE_STANDARD = gnu99;
				GCC_VERSION = com.apple.compilers.llvm.clang.1_0;
				GCC_WARN_ABOUT_RETURN_TYPE = YES;
				GCC_WARN_UNINITIALIZED_AUTOS = YES;
				GCC_WARN_UNUSED_VARIABLE = YES;
				IPHONEOS_DEPLOYMENT_TARGET = 5.0;
				OTHER_CFLAGS = "-DNS_BLOCK_ASSERTIONS=1";
				SDKROOT = iphoneos;
				TARGETED_DEVICE_FAMILY = 2;
				VALIDATE_PRODUCT = YES;
			};
			name = Release;
		};
		198B9E36153DDCC000AC3606 /* Debug */ = {
			isa = XCBuildConfiguration;
			buildSettings = {
				GCC_PRECOMPILE_PREFIX_HEADER = YES;
				GCC_PREFIX_HEADER = "Pyxis/Pyxis-Prefix.pch";
				INFOPLIST_FILE = "Pyxis/Pyxis-Info.plist";
				IPHONEOS_DEPLOYMENT_TARGET = 4.0;
				PRODUCT_NAME = "$(TARGET_NAME)";
				WRAPPER_EXTENSION = app;
			};
			name = Debug;
		};
		198B9E37153DDCC000AC3606 /* Release */ = {
			isa = XCBuildConfiguration;
			buildSettings = {
				GCC_PRECOMPILE_PREFIX_HEADER = YES;
				GCC_PREFIX_HEADER = "Pyxis/Pyxis-Prefix.pch";
				INFOPLIST_FILE = "Pyxis/Pyxis-Info.plist";
				IPHONEOS_DEPLOYMENT_TARGET = 4.0;
				PRODUCT_NAME = "$(TARGET_NAME)";
				WRAPPER_EXTENSION = app;
			};
			name = Release;
		};
/* End XCBuildConfiguration section */

/* Begin XCConfigurationList section */
		198B9E11153DDCC000AC3606 /* Build configuration list for PBXProject "Pyxis" */ = {
			isa = XCConfigurationList;
			buildConfigurations = (
				198B9E33153DDCC000AC3606 /* Debug */,
				198B9E34153DDCC000AC3606 /* Release */,
			);
			defaultConfigurationIsVisible = 0;
			defaultConfigurationName = Release;
		};
		198B9E35153DDCC000AC3606 /* Build configuration list for PBXNativeTarget "Pyxis" */ = {
			isa = XCConfigurationList;
			buildConfigurations = (
				198B9E36153DDCC000AC3606 /* Debug */,
				198B9E37153DDCC000AC3606 /* Release */,
			);
			defaultConfigurationIsVisible = 0;
			defaultConfigurationName = Release;
		};
/* End XCConfigurationList section */
	};
	rootObject = 198B9E0E153DDCC000AC3606 /* Project object */;
}
